
Microsoft Visual Studio Solution File, Format Version 12.00
# Visual Studio Version 16
VisualStudioVersion = 16.0.28922.388
MinimumVisualStudioVersion = 10.0.40219.1
Project("{FAE04EC0-301F-11D3-BF4B-00C04F79EFBC}") = "SolutionShipper", "SolutionShipper.csproj", "{38AE6B1A-062B-4F7E-AA51-3E03E67ECE68}"
EndProject
Project("{FAE04EC0-301F-11D3-BF4B-00C04F79EFBC}") = "SolutionShipper.Objects", "SolutionShipper.Objects\SolutionShipper.Objects.csproj", "{781B77A4-4A1F-4799-A1E8-F12720AD67BE}"
EndProject
Global
	GlobalSection(SolutionConfigurationPlatforms) = preSolution
		Debug|Any CPU = Debug|Any CPU
		Release|Any CPU = Release|Any CPU
	EndGlobalSection
	GlobalSection(ProjectConfigurationPlatforms) = postSolution
		{38AE6B1A-062B-4F7E-AA51-3E03E67ECE68}.Debug|Any CPU.ActiveCfg = Debug|Any CPU
		{38AE6B1A-062B-4F7E-AA51-3E03E67ECE68}.Debug|Any CPU.Build.0 = Debug|Any CPU
		{38AE6B1A-062B-4F7E-AA51-3E03E67ECE68}.Release|Any CPU.ActiveCfg = Release|Any CPU
		{38AE6B1A-062B-4F7E-AA51-3E03E67ECE68}.Release|Any CPU.Build.0 = Release|Any CPU
		{781B77A4-4A1F-4799-A1E8-F12720AD67BE}.Debug|Any CPU.ActiveCfg = Debug|Any CPU
		{781B77A4-4A1F-4799-A1E8-F12720AD67BE}.Debug|Any CPU.Build.0 = Debug|Any CPU
		{781B77A4-4A1F-4799-A1E8-F12720AD67BE}.Release|Any CPU.ActiveCfg = Release|Any CPU
		{781B77A4-4A1F-4799-A1E8-F12720AD67BE}.Release|Any CPU.Build.0 = Release|Any CPU
	EndGlobalSection
	GlobalSection(SolutionProperties) = preSolution
		HideSolutionNode = FALSE
	EndGlobalSection
	GlobalSection(ExtensibilityGlobals) = postSolution
		SolutionGuid = {1DA74E7C-F46F-443D-8B18-BCECC22B805F}
	EndGlobalSection
EndGlobal
